// !$*UTF8*$!
{
	archiveVersion = 1;
	classes = {
	};
	objectVersion = 50;
	objects = {

/* Begin PBXBuildFile section */
		80F9D5AE21E72C1100BA30A8 /* AppDelegate.swift in Sources */ = {isa = PBXBuildFile; fileRef = 80F9D5AD21E72C1100BA30A8 /* AppDelegate.swift */; };
		80F9D5B021E72C1100BA30A8 /* ViewController.swift in Sources */ = {isa = PBXBuildFile; fileRef = 80F9D5AF21E72C1100BA30A8 /* ViewController.swift */; };
		80F9D5B321E72C1100BA30A8 /* Main.storyboard in Resources */ = {isa = PBXBuildFile; fileRef = 80F9D5B121E72C1100BA30A8 /* Main.storyboard */; };
		80F9D5B521E72C1400BA30A8 /* Assets.xcassets in Resources */ = {isa = PBXBuildFile; fileRef = 80F9D5B421E72C1400BA30A8 /* Assets.xcassets */; };
		80F9D5B821E72C1400BA30A8 /* LaunchScreen.storyboard in Resources */ = {isa = PBXBuildFile; fileRef = 80F9D5B621E72C1400BA30A8 /* LaunchScreen.storyboard */; };
		80F9D5C021E72C5700BA30A8 /* base.swift in Sources */ = {isa = PBXBuildFile; fileRef = 80F9D5BF21E72C5700BA30A8 /* base.swift */; };
/* End PBXBuildFile section */

/* Begin PBXCopyFilesBuildPhase section */
		8011F07A21E85D2400B489DA /* Embed Watch Content */ = {
			isa = PBXCopyFilesBuildPhase;
			buildActionMask = 2147483647;
			dstPath = "$(CONTENTS_FOLDER_PATH)/Watch";
			dstSubfolderSpec = 16;
			files = (
			);
			name = "Embed Watch Content";
			runOnlyForDeploymentPostprocessing = 0;
		};
		80F9D5EC21E7544700BA30A8 /* Embed App Extensions */ = {
			isa = PBXCopyFilesBuildPhase;
			buildActionMask = 2147483647;
			dstPath = "";
			dstSubfolderSpec = 13;
			files = (
			);
			name = "Embed App Extensions";
			runOnlyForDeploymentPostprocessing = 0;
		};
/* End PBXCopyFilesBuildPhase section */

/* Begin PBXFileReference section */
		8086428322A7B02800226057 /* Tournament Round Clock.entitlements */ = {isa = PBXFileReference; lastKnownFileType = text.plist.entitlements; path = "Tournament Round Clock.entitlements"; sourceTree = "<group>"; };
		80F9D5AA21E72C1100BA30A8 /* Tournament Round Clock.app */ = {isa = PBXFileReference; explicitFileType = wrapper.application; includeInIndex = 0; path = "Tournament Round Clock.app"; sourceTree = BUILT_PRODUCTS_DIR; };
		80F9D5AD21E72C1100BA30A8 /* AppDelegate.swift */ = {isa = PBXFileReference; lastKnownFileType = sourcecode.swift; path = AppDelegate.swift; sourceTree = "<group>"; };
		80F9D5AF21E72C1100BA30A8 /* ViewController.swift */ = {isa = PBXFileReference; lastKnownFileType = sourcecode.swift; path = ViewController.swift; sourceTree = "<group>"; };
		80F9D5B221E72C1100BA30A8 /* Base */ = {isa = PBXFileReference; lastKnownFileType = file.storyboard; name = Base; path = Base.lproj/Main.storyboard; sourceTree = "<group>"; };
		80F9D5B421E72C1400BA30A8 /* Assets.xcassets */ = {isa = PBXFileReference; lastKnownFileType = folder.assetcatalog; path = Assets.xcassets; sourceTree = "<group>"; };
		80F9D5B721E72C1400BA30A8 /* Base */ = {isa = PBXFileReference; lastKnownFileType = file.storyboard; name = Base; path = Base.lproj/LaunchScreen.storyboard; sourceTree = "<group>"; };
		80F9D5B921E72C1400BA30A8 /* Info.plist */ = {isa = PBXFileReference; lastKnownFileType = text.plist.xml; path = Info.plist; sourceTree = "<group>"; };
		80F9D5BF21E72C5700BA30A8 /* base.swift */ = {isa = PBXFileReference; lastKnownFileType = sourcecode.swift; path = base.swift; sourceTree = "<group>"; };
		80F9D5DD21E7544700BA30A8 /* NotificationCenter.framework */ = {isa = PBXFileReference; lastKnownFileType = wrapper.framework; name = NotificationCenter.framework; path = System/Library/Frameworks/NotificationCenter.framework; sourceTree = SDKROOT; };
/* End PBXFileReference section */

/* Begin PBXFrameworksBuildPhase section */
		80F9D5A721E72C1100BA30A8 /* Frameworks */ = {
			isa = PBXFrameworksBuildPhase;
			buildActionMask = 2147483647;
			files = (
			);
			runOnlyForDeploymentPostprocessing = 0;
		};
/* End PBXFrameworksBuildPhase section */

/* Begin PBXGroup section */
		80F9D5A121E72C1100BA30A8 = {
			isa = PBXGroup;
			children = (
				80F9D5AC21E72C1100BA30A8 /* Tournament Round Clock */,
				80F9D5DC21E7544700BA30A8 /* Frameworks */,
				80F9D5AB21E72C1100BA30A8 /* Products */,
			);
			sourceTree = "<group>";
		};
		80F9D5AB21E72C1100BA30A8 /* Products */ = {
			isa = PBXGroup;
			children = (
				80F9D5AA21E72C1100BA30A8 /* Tournament Round Clock.app */,
			);
			name = Products;
			sourceTree = "<group>";
		};
		80F9D5AC21E72C1100BA30A8 /* Tournament Round Clock */ = {
			isa = PBXGroup;
			children = (
				8086428322A7B02800226057 /* Tournament Round Clock.entitlements */,
				80F9D5BF21E72C5700BA30A8 /* base.swift */,
				80F9D5AD21E72C1100BA30A8 /* AppDelegate.swift */,
				80F9D5AF21E72C1100BA30A8 /* ViewController.swift */,
				80F9D5B121E72C1100BA30A8 /* Main.storyboard */,
				80F9D5B421E72C1400BA30A8 /* Assets.xcassets */,
				80F9D5B621E72C1400BA30A8 /* LaunchScreen.storyboard */,
				80F9D5B921E72C1400BA30A8 /* Info.plist */,
			);
			path = "Tournament Round Clock";
			sourceTree = "<group>";
		};
		80F9D5DC21E7544700BA30A8 /* Frameworks */ = {
			isa = PBXGroup;
			children = (
				80F9D5DD21E7544700BA30A8 /* NotificationCenter.framework */,
			);
			name = Frameworks;
			sourceTree = "<group>";
		};
/* End PBXGroup section */

/* Begin PBXNativeTarget section */
		80F9D5A921E72C1100BA30A8 /* Tournament Round Clock */ = {
			isa = PBXNativeTarget;
			buildConfigurationList = 80F9D5BC21E72C1400BA30A8 /* Build configuration list for PBXNativeTarget "Tournament Round Clock" */;
			buildPhases = (
				80F9D5A621E72C1100BA30A8 /* Sources */,
				80F9D5A721E72C1100BA30A8 /* Frameworks */,
				80F9D5A821E72C1100BA30A8 /* Resources */,
				80F9D5EC21E7544700BA30A8 /* Embed App Extensions */,
				8011F07A21E85D2400B489DA /* Embed Watch Content */,
			);
			buildRules = (
			);
			dependencies = (
			);
			name = "Tournament Round Clock";
			productName = "Easters 2019 Clock";
			productReference = 80F9D5AA21E72C1100BA30A8 /* Tournament Round Clock.app */;
			productType = "com.apple.product-type.application";
		};
/* End PBXNativeTarget section */

/* Begin PBXProject section */
		80F9D5A221E72C1100BA30A8 /* Project object */ = {
			isa = PBXProject;
			attributes = {
				LastSwiftUpdateCheck = 1010;
				LastUpgradeCheck = 1010;
				ORGANIZATIONNAME = "Viran Weerasekera";
				TargetAttributes = {
					80F9D5A921E72C1100BA30A8 = {
						CreatedOnToolsVersion = 10.1;
						SystemCapabilities = {
							com.apple.ApplicationGroups.iOS = {
								enabled = 0;
							};
						};
					};
				};
			};
			buildConfigurationList = 80F9D5A521E72C1100BA30A8 /* Build configuration list for PBXProject "Tournament Round Clock" */;
			compatibilityVersion = "Xcode 9.3";
			developmentRegion = en;
			hasScannedForEncodings = 0;
			knownRegions = (
				en,
				Base,
			);
			mainGroup = 80F9D5A121E72C1100BA30A8;
			productRefGroup = 80F9D5AB21E72C1100BA30A8 /* Products */;
			projectDirPath = "";
			projectRoot = "";
			targets = (
				80F9D5A921E72C1100BA30A8 /* Tournament Round Clock */,
			);
		};
/* End PBXProject section */

/* Begin PBXResourcesBuildPhase section */
		80F9D5A821E72C1100BA30A8 /* Resources */ = {
			isa = PBXResourcesBuildPhase;
			buildActionMask = 2147483647;
			files = (
				80F9D5B821E72C1400BA30A8 /* LaunchScreen.storyboard in Resources */,
				80F9D5B521E72C1400BA30A8 /* Assets.xcassets in Resources */,
				80F9D5B321E72C1100BA30A8 /* Main.storyboard in Resources */,
			);
			runOnlyForDeploymentPostprocessing = 0;
		};
/* End PBXResourcesBuildPhase section */

/* Begin PBXSourcesBuildPhase section */
		80F9D5A621E72C1100BA30A8 /* Sources */ = {
			isa = PBXSourcesBuildPhase;
			buildActionMask = 2147483647;
			files = (
				80F9D5B021E72C1100BA30A8 /* ViewController.swift in Sources */,
				80F9D5AE21E72C1100BA30A8 /* AppDelegate.swift in Sources */,
				80F9D5C021E72C5700BA30A8 /* base.swift in Sources */,
			);
			runOnlyForDeploymentPostprocessing = 0;
		};
/* End PBXSourcesBuildPhase section */

/* Begin PBXVariantGroup section */
		80F9D5B121E72C1100BA30A8 /* Main.storyboard */ = {
			isa = PBXVariantGroup;
			children = (
				80F9D5B221E72C1100BA30A8 /* Base */,
			);
			name = Main.storyboard;
			sourceTree = "<group>";
		};
		80F9D5B621E72C1400BA30A8 /* LaunchScreen.storyboard */ = {
			isa = PBXVariantGroup;
			children = (
				80F9D5B721E72C1400BA30A8 /* Base */,
			);
			name = LaunchScreen.storyboard;
			sourceTree = "<group>";
		};
/* End PBXVariantGroup section */

/* Begin XCBuildConfiguration section */
		80F9D5BA21E72C1400BA30A8 /* Debug */ = {
			isa = XCBuildConfiguration;
			buildSettings = {
				ALWAYS_SEARCH_USER_PATHS = NO;
				CLANG_ANALYZER_NONNULL = YES;
				CLANG_ANALYZER_NUMBER_OBJECT_CONVERSION = YES_AGGRESSIVE;
				CLANG_CXX_LANGUAGE_STANDARD = "gnu++14";
				CLANG_CXX_LIBRARY = "libc++";
				CLANG_ENABLE_MODULES = YES;
				CLANG_ENABLE_OBJC_ARC = YES;
				CLANG_ENABLE_OBJC_WEAK = YES;
				CLANG_WARN_BLOCK_CAPTURE_AUTORELEASING = YES;
				CLANG_WARN_BOOL_CONVERSION = YES;
				CLANG_WARN_COMMA = YES;
				CLANG_WARN_CONSTANT_CONVERSION = YES;
				CLANG_WARN_DEPRECATED_OBJC_IMPLEMENTATIONS = YES;
				CLANG_WARN_DIRECT_OBJC_ISA_USAGE = YES_ERROR;
				CLANG_WARN_DOCUMENTATION_COMMENTS = YES;
				CLANG_WARN_EMPTY_BODY = YES;
				CLANG_WARN_ENUM_CONVERSION = YES;
				CLANG_WARN_INFINITE_RECURSION = YES;
				CLANG_WARN_INT_CONVERSION = YES;
				CLANG_WARN_NON_LITERAL_NULL_CONVERSION = YES;
				CLANG_WARN_OBJC_IMPLICIT_RETAIN_SELF = YES;
				CLANG_WARN_OBJC_LITERAL_CONVERSION = YES;
				CLANG_WARN_OBJC_ROOT_CLASS = YES_ERROR;
				CLANG_WARN_RANGE_LOOP_ANALYSIS = YES;
				CLANG_WARN_STRICT_PROTOTYPES = YES;
				CLANG_WARN_SUSPICIOUS_MOVE = YES;
				CLANG_WARN_UNGUARDED_AVAILABILITY = YES_AGGRESSIVE;
				CLANG_WARN_UNREACHABLE_CODE = YES;
				CLANG_WARN__DUPLICATE_METHOD_MATCH = YES;
				CODE_SIGN_IDENTITY = "iPhone Developer";
				COPY_PHASE_STRIP = NO;
				DEBUG_INFORMATION_FORMAT = dwarf;
				ENABLE_STRICT_OBJC_MSGSEND = YES;
				ENABLE_TESTABILITY = YES;
				GCC_C_LANGUAGE_STANDARD = gnu11;
				GCC_DYNAMIC_NO_PIC = NO;
				GCC_NO_COMMON_BLOCKS = YES;
				GCC_OPTIMIZATION_LEVEL = 0;
				GCC_PREPROCESSOR_DEFINITIONS = (
					"DEBUG=1",
					"$(inherited)",
				);
				GCC_WARN_64_TO_32_BIT_CONVERSION = YES;
				GCC_WARN_ABOUT_RETURN_TYPE = YES_ERROR;
				GCC_WARN_UNDECLARED_SELECTOR = YES;
				GCC_WARN_UNINITIALIZED_AUTOS = YES_AGGRESSIVE;
				GCC_WARN_UNUSED_FUNCTION = YES;
				GCC_WARN_UNUSED_VARIABLE = YES;
				IPHONEOS_DEPLOYMENT_TARGET = 12.1;
				MTL_ENABLE_DEBUG_INFO = INCLUDE_SOURCE;
				MTL_FAST_MATH = YES;
				ONLY_ACTIVE_ARCH = YES;
				SDKROOT = iphoneos;
				SWIFT_ACTIVE_COMPILATION_CONDITIONS = DEBUG;
				SWIFT_OPTIMIZATION_LEVEL = "-Onone";
			};
			name = Debug;
		};
		80F9D5BB21E72C1400BA30A8 /* Release */ = {
			isa = XCBuildConfiguration;
			buildSettings = {
				ALWAYS_SEARCH_USER_PATHS = NO;
				CLANG_ANALYZER_NONNULL = YES;
				CLANG_ANALYZER_NUMBER_OBJECT_CONVERSION = YES_AGGRESSIVE;
				CLANG_CXX_LANGUAGE_STANDARD = "gnu++14";
				CLANG_CXX_LIBRARY = "libc++";
				CLANG_ENABLE_MODULES = YES;
				CLANG_ENABLE_OBJC_ARC = YES;
				CLANG_ENABLE_OBJC_WEAK = YES;
				CLANG_WARN_BLOCK_CAPTURE_AUTORELEASING = YES;
				CLANG_WARN_BOOL_CONVERSION = YES;
				CLANG_WARN_COMMA = YES;
				CLANG_WARN_CONSTANT_CONVERSION = YES;
				CLANG_WARN_DEPRECATED_OBJC_IMPLEMENTATIONS = YES;
				CLANG_WARN_DIRECT_OBJC_ISA_USAGE = YES_ERROR;
				CLANG_WARN_DOCUMENTATION_COMMENTS = YES;
				CLANG_WARN_EMPTY_BODY = YES;
				CLANG_WARN_ENUM_CONVERSION = YES;
				CLANG_WARN_INFINITE_RECURSION = YES;
				CLANG_WARN_INT_CONVERSION = YES;
				CLANG_WARN_NON_LITERAL_NULL_CONVERSION = YES;
				CLANG_WARN_OBJC_IMPLICIT_RETAIN_SELF = YES;
				CLANG_WARN_OBJC_LITERAL_CONVERSION = YES;
				CLANG_WARN_OBJC_ROOT_CLASS = YES_ERROR;
				CLANG_WARN_RANGE_LOOP_ANALYSIS = YES;
				CLANG_WARN_STRICT_PROTOTYPES = YES;
				CLANG_WARN_SUSPICIOUS_MOVE = YES;
				CLANG_WARN_UNGUARDED_AVAILABILITY = YES_AGGRESSIVE;
				CLANG_WARN_UNREACHABLE_CODE = YES;
				CLANG_WARN__DUPLICATE_METHOD_MATCH = YES;
				CODE_SIGN_IDENTITY = "iPhone Developer";
				COPY_PHASE_STRIP = NO;
				DEBUG_INFORMATION_FORMAT = "dwarf-with-dsym";
				ENABLE_NS_ASSERTIONS = NO;
				ENABLE_STRICT_OBJC_MSGSEND = YES;
				GCC_C_LANGUAGE_STANDARD = gnu11;
				GCC_NO_COMMON_BLOCKS = YES;
				GCC_WARN_64_TO_32_BIT_CONVERSION = YES;
				GCC_WARN_ABOUT_RETURN_TYPE = YES_ERROR;
				GCC_WARN_UNDECLARED_SELECTOR = YES;
				GCC_WARN_UNINITIALIZED_AUTOS = YES_AGGRESSIVE;
				GCC_WARN_UNUSED_FUNCTION = YES;
				GCC_WARN_UNUSED_VARIABLE = YES;
				IPHONEOS_DEPLOYMENT_TARGET = 12.1;
				MTL_ENABLE_DEBUG_INFO = NO;
				MTL_FAST_MATH = YES;
				SDKROOT = iphoneos;
				SWIFT_COMPILATION_MODE = wholemodule;
				SWIFT_OPTIMIZATION_LEVEL = "-O";
				VALIDATE_PRODUCT = YES;
			};
			name = Release;
		};
		80F9D5BD21E72C1400BA30A8 /* Debug */ = {
			isa = XCBuildConfiguration;
			buildSettings = {
				ASSETCATALOG_COMPILER_APPICON_NAME = AppIcon;
				CODE_SIGN_ENTITLEMENTS = "Tournament Round Clock/Tournament Round Clock.entitlements";
				CODE_SIGN_IDENTITY = "iPhone Developer";
				CODE_SIGN_STYLE = Automatic;
				DERIVE_UIKITFORMAC_PRODUCT_BUNDLE_IDENTIFIER = YES;
				DEVELOPMENT_TEAM = CLBZ63D7ZK;
				INFOPLIST_FILE = "$(SRCROOT)/Tournament Round Clock/Info.plist";
				IPHONEOS_DEPLOYMENT_TARGET = 12.2;
				LD_RUNPATH_SEARCH_PATHS = (
					"$(inherited)",
					"@executable_path/Frameworks",
				);
				PRODUCT_BUNDLE_IDENTIFIER = "viranweerasekera.UTSOpen-RoundClock";
				PRODUCT_NAME = "$(TARGET_NAME)";
				PROVISIONING_PROFILE_SPECIFIER = "";
				SUPPORTS_UIKITFORMAC = YES;
				SWIFT_VERSION = 4.2;
				TARGETED_DEVICE_FAMILY = "1,2";
			};
			name = Debug;
		};
		80F9D5BE21E72C1400BA30A8 /* Release */ = {
			isa = XCBuildConfiguration;
			buildSettings = {
				ASSETCATALOG_COMPILER_APPICON_NAME = AppIcon;
				CODE_SIGN_ENTITLEMENTS = "Tournament Round Clock/Tournament Round Clock.entitlements";
				CODE_SIGN_IDENTITY = "iPhone Developer";
				CODE_SIGN_STYLE = Automatic;
				DERIVE_UIKITFORMAC_PRODUCT_BUNDLE_IDENTIFIER = YES;
				DEVELOPMENT_TEAM = CLBZ63D7ZK;
				INFOPLIST_FILE = "$(SRCROOT)/Tournament Round Clock/Info.plist";
				IPHONEOS_DEPLOYMENT_TARGET = 12.2;
				LD_RUNPATH_SEARCH_PATHS = (
					"$(inherited)",
					"@executable_path/Frameworks",
				);
				PRODUCT_BUNDLE_IDENTIFIER = "viranweerasekera.UTSOpen-RoundClock";
				PRODUCT_NAME = "$(TARGET_NAME)";
				PROVISIONING_PROFILE_SPECIFIER = "";
				SUPPORTS_UIKITFORMAC = YES;
				SWIFT_VERSION = 4.2;
				TARGETED_DEVICE_FAMILY = "1,2";
			};
			name = Release;
		};
/* End XCBuildConfiguration section */

/* Begin XCConfigurationList section */
		80F9D5A521E72C1100BA30A8 /* Build configuration list for PBXProject "Tournament Round Clock" */ = {
			isa = XCConfigurationList;
			buildConfigurations = (
				80F9D5BA21E72C1400BA30A8 /* Debug */,
				80F9D5BB21E72C1400BA30A8 /* Release */,
			);
			defaultConfigurationIsVisible = 0;
			defaultConfigurationName = Release;
		};
		80F9D5BC21E72C1400BA30A8 /* Build configuration list for PBXNativeTarget "Tournament Round Clock" */ = {
			isa = XCConfigurationList;
			buildConfigurations = (
				80F9D5BD21E72C1400BA30A8 /* Debug */,
				80F9D5BE21E72C1400BA30A8 /* Release */,
			);
			defaultConfigurationIsVisible = 0;
			defaultConfigurationName = Release;
		};
/* End XCConfigurationList section */
	};
	rootObject = 80F9D5A221E72C1100BA30A8 /* Project object */;
}
